
Microsoft Visual Studio Solution File, Format Version 12.00
# Visual Studio Version 17
VisualStudioVersion = 17.5.002.0
MinimumVisualStudioVersion = 10.0.40219.1
Project("{9A19103F-16F7-4668-BE54-9A1E7A4F7556}") = "Minesweeper", "Minesweeper\Minesweeper.csproj", "{117EE017-283B-4574-9A30-4D3D01E7B946}"
EndProject
Global
	GlobalSection(SolutionConfigurationPlatforms) = preSolution
		Debug|Any CPU = Debug|Any CPU
		Release|Any CPU = Release|Any CPU
	EndGlobalSection
	GlobalSection(ProjectConfigurationPlatforms) = postSolution
		{117EE017-283B-4574-9A30-4D3D01E7B946}.Debug|Any CPU.ActiveCfg = Debug|Any CPU
		{117EE017-283B-4574-9A30-4D3D01E7B946}.Debug|Any CPU.Build.0 = Debug|Any CPU
		{117EE017-283B-4574-9A30-4D3D01E7B946}.Release|Any CPU.ActiveCfg = Release|Any CPU
		{117EE017-283B-4574-9A30-4D3D01E7B946}.Release|Any CPU.Build.0 = Release|Any CPU
	EndGlobalSection
	GlobalSection(SolutionProperties) = preSolution
		HideSolutionNode = FALSE
	EndGlobalSection
	GlobalSection(ExtensibilityGlobals) = postSolution
		SolutionGuid = {84FC8008-471A-4E30-8996-D37511C5C52E}
	EndGlobalSection
EndGlobal
